// !$*UTF8*$!
{
	archiveVersion = 1;
	classes = {
	};
	objectVersion = 56;
	objects = {

/* Begin PBXBuildFile section */
		476F25FD2A46565F000B8E19 /* study_cube_v2App.swift in Sources */ = {isa = PBXBuildFile; fileRef = 476F25FC2A46565F000B8E19 /* study_cube_v2App.swift */; };
		476F25FF2A46565F000B8E19 /* ContentView.swift in Sources */ = {isa = PBXBuildFile; fileRef = 476F25FE2A46565F000B8E19 /* ContentView.swift */; };
		476F26012A465661000B8E19 /* Assets.xcassets in Resources */ = {isa = PBXBuildFile; fileRef = 476F26002A465661000B8E19 /* Assets.xcassets */; };
		476F26042A465661000B8E19 /* Preview Assets.xcassets in Resources */ = {isa = PBXBuildFile; fileRef = 476F26032A465661000B8E19 /* Preview Assets.xcassets */; };
		476F260E2A465661000B8E19 /* study_cube_v2Tests.swift in Sources */ = {isa = PBXBuildFile; fileRef = 476F260D2A465661000B8E19 /* study_cube_v2Tests.swift */; };
		476F26182A465661000B8E19 /* study_cube_v2UITests.swift in Sources */ = {isa = PBXBuildFile; fileRef = 476F26172A465661000B8E19 /* study_cube_v2UITests.swift */; };
		476F261A2A465661000B8E19 /* study_cube_v2UITestsLaunchTests.swift in Sources */ = {isa = PBXBuildFile; fileRef = 476F26192A465661000B8E19 /* study_cube_v2UITestsLaunchTests.swift */; };
/* End PBXBuildFile section */

/* Begin PBXContainerItemProxy section */
		476F260A2A465661000B8E19 /* PBXContainerItemProxy */ = {
			isa = PBXContainerItemProxy;
			containerPortal = 476F25F12A46565F000B8E19 /* Project object */;
			proxyType = 1;
			remoteGlobalIDString = 476F25F82A46565F000B8E19;
			remoteInfo = study_cube_v2;
		};
		476F26142A465661000B8E19 /* PBXContainerItemProxy */ = {
			isa = PBXContainerItemProxy;
			containerPortal = 476F25F12A46565F000B8E19 /* Project object */;
			proxyType = 1;
			remoteGlobalIDString = 476F25F82A46565F000B8E19;
			remoteInfo = study_cube_v2;
		};
/* End PBXContainerItemProxy section */

/* Begin PBXFileReference section */
		476F25F92A46565F000B8E19 /* study_cube_v2.app */ = {isa = PBXFileReference; explicitFileType = wrapper.application; includeInIndex = 0; path = study_cube_v2.app; sourceTree = BUILT_PRODUCTS_DIR; };
		476F25FC2A46565F000B8E19 /* study_cube_v2App.swift */ = {isa = PBXFileReference; lastKnownFileType = sourcecode.swift; path = study_cube_v2App.swift; sourceTree = "<group>"; };
		476F25FE2A46565F000B8E19 /* ContentView.swift */ = {isa = PBXFileReference; lastKnownFileType = sourcecode.swift; path = ContentView.swift; sourceTree = "<group>"; };
		476F26002A465661000B8E19 /* Assets.xcassets */ = {isa = PBXFileReference; lastKnownFileType = folder.assetcatalog; path = Assets.xcassets; sourceTree = "<group>"; };
		476F26032A465661000B8E19 /* Preview Assets.xcassets */ = {isa = PBXFileReference; lastKnownFileType = folder.assetcatalog; path = "Preview Assets.xcassets"; sourceTree = "<group>"; };
		476F26092A465661000B8E19 /* study_cube_v2Tests.xctest */ = {isa = PBXFileReference; explicitFileType = wrapper.cfbundle; includeInIndex = 0; path = study_cube_v2Tests.xctest; sourceTree = BUILT_PRODUCTS_DIR; };
		476F260D2A465661000B8E19 /* study_cube_v2Tests.swift */ = {isa = PBXFileReference; lastKnownFileType = sourcecode.swift; path = study_cube_v2Tests.swift; sourceTree = "<group>"; };
		476F26132A465661000B8E19 /* study_cube_v2UITests.xctest */ = {isa = PBXFileReference; explicitFileType = wrapper.cfbundle; includeInIndex = 0; path = study_cube_v2UITests.xctest; sourceTree = BUILT_PRODUCTS_DIR; };
		476F26172A465661000B8E19 /* study_cube_v2UITests.swift */ = {isa = PBXFileReference; lastKnownFileType = sourcecode.swift; path = study_cube_v2UITests.swift; sourceTree = "<group>"; };
		476F26192A465661000B8E19 /* study_cube_v2UITestsLaunchTests.swift */ = {isa = PBXFileReference; lastKnownFileType = sourcecode.swift; path = study_cube_v2UITestsLaunchTests.swift; sourceTree = "<group>"; };
/* End PBXFileReference section */

/* Begin PBXFrameworksBuildPhase section */
		476F25F62A46565F000B8E19 /* Frameworks */ = {
			isa = PBXFrameworksBuildPhase;
			buildActionMask = 2147483647;
			files = (
			);
			runOnlyForDeploymentPostprocessing = 0;
		};
		476F26062A465661000B8E19 /* Frameworks */ = {
			isa = PBXFrameworksBuildPhase;
			buildActionMask = 2147483647;
			files = (
			);
			runOnlyForDeploymentPostprocessing = 0;
		};
		476F26102A465661000B8E19 /* Frameworks */ = {
			isa = PBXFrameworksBuildPhase;
			buildActionMask = 2147483647;
			files = (
			);
			runOnlyForDeploymentPostprocessing = 0;
		};
/* End PBXFrameworksBuildPhase section */

/* Begin PBXGroup section */
		476F25F02A46565F000B8E19 = {
			isa = PBXGroup;
			children = (
				476F25FB2A46565F000B8E19 /* study_cube_v2 */,
				476F260C2A465661000B8E19 /* study_cube_v2Tests */,
				476F26162A465661000B8E19 /* study_cube_v2UITests */,
				476F25FA2A46565F000B8E19 /* Products */,
			);
			sourceTree = "<group>";
		};
		476F25FA2A46565F000B8E19 /* Products */ = {
			isa = PBXGroup;
			children = (
				476F25F92A46565F000B8E19 /* study_cube_v2.app */,
				476F26092A465661000B8E19 /* study_cube_v2Tests.xctest */,
				476F26132A465661000B8E19 /* study_cube_v2UITests.xctest */,
			);
			name = Products;
			sourceTree = "<group>";
		};
		476F25FB2A46565F000B8E19 /* study_cube_v2 */ = {
			isa = PBXGroup;
			children = (
				476F25FC2A46565F000B8E19 /* study_cube_v2App.swift */,
				476F25FE2A46565F000B8E19 /* ContentView.swift */,
				476F26002A465661000B8E19 /* Assets.xcassets */,
				476F26022A465661000B8E19 /* Preview Content */,
			);
			path = study_cube_v2;
			sourceTree = "<group>";
		};
		476F26022A465661000B8E19 /* Preview Content */ = {
			isa = PBXGroup;
			children = (
				476F26032A465661000B8E19 /* Preview Assets.xcassets */,
			);
			path = "Preview Content";
			sourceTree = "<group>";
		};
		476F260C2A465661000B8E19 /* study_cube_v2Tests */ = {
			isa = PBXGroup;
			children = (
				476F260D2A465661000B8E19 /* study_cube_v2Tests.swift */,
			);
			path = study_cube_v2Tests;
			sourceTree = "<group>";
		};
		476F26162A465661000B8E19 /* study_cube_v2UITests */ = {
			isa = PBXGroup;
			children = (
				476F26172A465661000B8E19 /* study_cube_v2UITests.swift */,
				476F26192A465661000B8E19 /* study_cube_v2UITestsLaunchTests.swift */,
			);
			path = study_cube_v2UITests;
			sourceTree = "<group>";
		};
/* End PBXGroup section */

/* Begin PBXNativeTarget section */
		476F25F82A46565F000B8E19 /* study_cube_v2 */ = {
			isa = PBXNativeTarget;
			buildConfigurationList = 476F261D2A465661000B8E19 /* Build configuration list for PBXNativeTarget "study_cube_v2" */;
			buildPhases = (
				476F25F52A46565F000B8E19 /* Sources */,
				476F25F62A46565F000B8E19 /* Frameworks */,
				476F25F72A46565F000B8E19 /* Resources */,
			);
			buildRules = (
			);
			dependencies = (
			);
			name = study_cube_v2;
			productName = study_cube_v2;
			productReference = 476F25F92A46565F000B8E19 /* study_cube_v2.app */;
			productType = "com.apple.product-type.application";
		};
		476F26082A465661000B8E19 /* study_cube_v2Tests */ = {
			isa = PBXNativeTarget;
			buildConfigurationList = 476F26202A465661000B8E19 /* Build configuration list for PBXNativeTarget "study_cube_v2Tests" */;
			buildPhases = (
				476F26052A465661000B8E19 /* Sources */,
				476F26062A465661000B8E19 /* Frameworks */,
				476F26072A465661000B8E19 /* Resources */,
			);
			buildRules = (
			);
			dependencies = (
				476F260B2A465661000B8E19 /* PBXTargetDependency */,
			);
			name = study_cube_v2Tests;
			productName = study_cube_v2Tests;
			productReference = 476F26092A465661000B8E19 /* study_cube_v2Tests.xctest */;
			productType = "com.apple.product-type.bundle.unit-test";
		};
		476F26122A465661000B8E19 /* study_cube_v2UITests */ = {
			isa = PBXNativeTarget;
			buildConfigurationList = 476F26232A465661000B8E19 /* Build configuration list for PBXNativeTarget "study_cube_v2UITests" */;
			buildPhases = (
				476F260F2A465661000B8E19 /* Sources */,
				476F26102A465661000B8E19 /* Frameworks */,
				476F26112A465661000B8E19 /* Resources */,
			);
			buildRules = (
			);
			dependencies = (
				476F26152A465661000B8E19 /* PBXTargetDependency */,
			);
			name = study_cube_v2UITests;
			productName = study_cube_v2UITests;
			productReference = 476F26132A465661000B8E19 /* study_cube_v2UITests.xctest */;
			productType = "com.apple.product-type.bundle.ui-testing";
		};
/* End PBXNativeTarget section */

/* Begin PBXProject section */
		476F25F12A46565F000B8E19 /* Project object */ = {
			isa = PBXProject;
			attributes = {
				BuildIndependentTargetsInParallel = 1;
				LastSwiftUpdateCheck = 1410;
				LastUpgradeCheck = 1410;
				TargetAttributes = {
					476F25F82A46565F000B8E19 = {
						CreatedOnToolsVersion = 14.1;
					};
					476F26082A465661000B8E19 = {
						CreatedOnToolsVersion = 14.1;
						TestTargetID = 476F25F82A46565F000B8E19;
					};
					476F26122A465661000B8E19 = {
						CreatedOnToolsVersion = 14.1;
						TestTargetID = 476F25F82A46565F000B8E19;
					};
				};
			};
			buildConfigurationList = 476F25F42A46565F000B8E19 /* Build configuration list for PBXProject "study_cube_v2" */;
			compatibilityVersion = "Xcode 14.0";
			developmentRegion = en;
			hasScannedForEncodings = 0;
			knownRegions = (
				en,
				Base,
			);
			mainGroup = 476F25F02A46565F000B8E19;
			productRefGroup = 476F25FA2A46565F000B8E19 /* Products */;
			projectDirPath = "";
			projectRoot = "";
			targets = (
				476F25F82A46565F000B8E19 /* study_cube_v2 */,
				476F26082A465661000B8E19 /* study_cube_v2Tests */,
				476F26122A465661000B8E19 /* study_cube_v2UITests */,
			);
		};
/* End PBXProject section */

/* Begin PBXResourcesBuildPhase section */
		476F25F72A46565F000B8E19 /* Resources */ = {
			isa = PBXResourcesBuildPhase;
			buildActionMask = 2147483647;
			files = (
				476F26042A465661000B8E19 /* Preview Assets.xcassets in Resources */,
				476F26012A465661000B8E19 /* Assets.xcassets in Resources */,
			);
			runOnlyForDeploymentPostprocessing = 0;
		};
		476F26072A465661000B8E19 /* Resources */ = {
			isa = PBXResourcesBuildPhase;
			buildActionMask = 2147483647;
			files = (
			);
			runOnlyForDeploymentPostprocessing = 0;
		};
		476F26112A465661000B8E19 /* Resources */ = {
			isa = PBXResourcesBuildPhase;
			buildActionMask = 2147483647;
			files = (
			);
			runOnlyForDeploymentPostprocessing = 0;
		};
/* End PBXResourcesBuildPhase section */

/* Begin PBXSourcesBuildPhase section */
		476F25F52A46565F000B8E19 /* Sources */ = {
			isa = PBXSourcesBuildPhase;
			buildActionMask = 2147483647;
			files = (
				476F25FF2A46565F000B8E19 /* ContentView.swift in Sources */,
				476F25FD2A46565F000B8E19 /* study_cube_v2App.swift in Sources */,
			);
			runOnlyForDeploymentPostprocessing = 0;
		};
		476F26052A465661000B8E19 /* Sources */ = {
			isa = PBXSourcesBuildPhase;
			buildActionMask = 2147483647;
			files = (
				476F260E2A465661000B8E19 /* study_cube_v2Tests.swift in Sources */,
			);
			runOnlyForDeploymentPostprocessing = 0;
		};
		476F260F2A465661000B8E19 /* Sources */ = {
			isa = PBXSourcesBuildPhase;
			buildActionMask = 2147483647;
			files = (
				476F26182A465661000B8E19 /* study_cube_v2UITests.swift in Sources */,
				476F261A2A465661000B8E19 /* study_cube_v2UITestsLaunchTests.swift in Sources */,
			);
			runOnlyForDeploymentPostprocessing = 0;
		};
/* End PBXSourcesBuildPhase section */

/* Begin PBXTargetDependency section */
		476F260B2A465661000B8E19 /* PBXTargetDependency */ = {
			isa = PBXTargetDependency;
			target = 476F25F82A46565F000B8E19 /* study_cube_v2 */;
			targetProxy = 476F260A2A465661000B8E19 /* PBXContainerItemProxy */;
		};
		476F26152A465661000B8E19 /* PBXTargetDependency */ = {
			isa = PBXTargetDependency;
			target = 476F25F82A46565F000B8E19 /* study_cube_v2 */;
			targetProxy = 476F26142A465661000B8E19 /* PBXContainerItemProxy */;
		};
/* End PBXTargetDependency section */

/* Begin XCBuildConfiguration section */
		476F261B2A465661000B8E19 /* Debug */ = {
			isa = XCBuildConfiguration;
			buildSettings = {
				ALWAYS_SEARCH_USER_PATHS = NO;
				CLANG_ANALYZER_NONNULL = YES;
				CLANG_ANALYZER_NUMBER_OBJECT_CONVERSION = YES_AGGRESSIVE;
				CLANG_CXX_LANGUAGE_STANDARD = "gnu++20";
				CLANG_ENABLE_MODULES = YES;
				CLANG_ENABLE_OBJC_ARC = YES;
				CLANG_ENABLE_OBJC_WEAK = YES;
				CLANG_WARN_BLOCK_CAPTURE_AUTORELEASING = YES;
				CLANG_WARN_BOOL_CONVERSION = YES;
				CLANG_WARN_COMMA = YES;
				CLANG_WARN_CONSTANT_CONVERSION = YES;
				CLANG_WARN_DEPRECATED_OBJC_IMPLEMENTATIONS = YES;
				CLANG_WARN_DIRECT_OBJC_ISA_USAGE = YES_ERROR;
				CLANG_WARN_DOCUMENTATION_COMMENTS = YES;
				CLANG_WARN_EMPTY_BODY = YES;
				CLANG_WARN_ENUM_CONVERSION = YES;
				CLANG_WARN_INFINITE_RECURSION = YES;
				CLANG_WARN_INT_CONVERSION = YES;
				CLANG_WARN_NON_LITERAL_NULL_CONVERSION = YES;
				CLANG_WARN_OBJC_IMPLICIT_RETAIN_SELF = YES;
				CLANG_WARN_OBJC_LITERAL_CONVERSION = YES;
				CLANG_WARN_OBJC_ROOT_CLASS = YES_ERROR;
				CLANG_WARN_QUOTED_INCLUDE_IN_FRAMEWORK_HEADER = YES;
				CLANG_WARN_RANGE_LOOP_ANALYSIS = YES;
				CLANG_WARN_STRICT_PROTOTYPES = YES;
				CLANG_WARN_SUSPICIOUS_MOVE = YES;
				CLANG_WARN_UNGUARDED_AVAILABILITY = YES_AGGRESSIVE;
				CLANG_WARN_UNREACHABLE_CODE = YES;
				CLANG_WARN__DUPLICATE_METHOD_MATCH = YES;
				COPY_PHASE_STRIP = NO;
				DEBUG_INFORMATION_FORMAT = dwarf;
				ENABLE_STRICT_OBJC_MSGSEND = YES;
				ENABLE_TESTABILITY = YES;
				GCC_C_LANGUAGE_STANDARD = gnu11;
				GCC_DYNAMIC_NO_PIC = NO;
				GCC_NO_COMMON_BLOCKS = YES;
				GCC_OPTIMIZATION_LEVEL = 0;
				GCC_PREPROCESSOR_DEFINITIONS = (
					"DEBUG=1",
					"$(inherited)",
				);
				GCC_WARN_64_TO_32_BIT_CONVERSION = YES;
				GCC_WARN_ABOUT_RETURN_TYPE = YES_ERROR;
				GCC_WARN_UNDECLARED_SELECTOR = YES;
				GCC_WARN_UNINITIALIZED_AUTOS = YES_AGGRESSIVE;
				GCC_WARN_UNUSED_FUNCTION = YES;
				GCC_WARN_UNUSED_VARIABLE = YES;
				IPHONEOS_DEPLOYMENT_TARGET = 16.1;
				MTL_ENABLE_DEBUG_INFO = INCLUDE_SOURCE;
				MTL_FAST_MATH = YES;
				ONLY_ACTIVE_ARCH = YES;
				SDKROOT = iphoneos;
				SWIFT_ACTIVE_COMPILATION_CONDITIONS = DEBUG;
				SWIFT_OPTIMIZATION_LEVEL = "-Onone";
			};
			name = Debug;
		};
		476F261C2A465661000B8E19 /* Release */ = {
			isa = XCBuildConfiguration;
			buildSettings = {
				ALWAYS_SEARCH_USER_PATHS = NO;
				CLANG_ANALYZER_NONNULL = YES;
				CLANG_ANALYZER_NUMBER_OBJECT_CONVERSION = YES_AGGRESSIVE;
				CLANG_CXX_LANGUAGE_STANDARD = "gnu++20";
				CLANG_ENABLE_MODULES = YES;
				CLANG_ENABLE_OBJC_ARC = YES;
				CLANG_ENABLE_OBJC_WEAK = YES;
				CLANG_WARN_BLOCK_CAPTURE_AUTORELEASING = YES;
				CLANG_WARN_BOOL_CONVERSION = YES;
				CLANG_WARN_COMMA = YES;
				CLANG_WARN_CONSTANT_CONVERSION = YES;
				CLANG_WARN_DEPRECATED_OBJC_IMPLEMENTATIONS = YES;
				CLANG_WARN_DIRECT_OBJC_ISA_USAGE = YES_ERROR;
				CLANG_WARN_DOCUMENTATION_COMMENTS = YES;
				CLANG_WARN_EMPTY_BODY = YES;
				CLANG_WARN_ENUM_CONVERSION = YES;
				CLANG_WARN_INFINITE_RECURSION = YES;
				CLANG_WARN_INT_CONVERSION = YES;
				CLANG_WARN_NON_LITERAL_NULL_CONVERSION = YES;
				CLANG_WARN_OBJC_IMPLICIT_RETAIN_SELF = YES;
				CLANG_WARN_OBJC_LITERAL_CONVERSION = YES;
				CLANG_WARN_OBJC_ROOT_CLASS = YES_ERROR;
				CLANG_WARN_QUOTED_INCLUDE_IN_FRAMEWORK_HEADER = YES;
				CLANG_WARN_RANGE_LOOP_ANALYSIS = YES;
				CLANG_WARN_STRICT_PROTOTYPES = YES;
				CLANG_WARN_SUSPICIOUS_MOVE = YES;
				CLANG_WARN_UNGUARDED_AVAILABILITY = YES_AGGRESSIVE;
				CLANG_WARN_UNREACHABLE_CODE = YES;
				CLANG_WARN__DUPLICATE_METHOD_MATCH = YES;
				COPY_PHASE_STRIP = NO;
				DEBUG_INFORMATION_FORMAT = "dwarf-with-dsym";
				ENABLE_NS_ASSERTIONS = NO;
				ENABLE_STRICT_OBJC_MSGSEND = YES;
				GCC_C_LANGUAGE_STANDARD = gnu11;
				GCC_NO_COMMON_BLOCKS = YES;
				GCC_WARN_64_TO_32_BIT_CONVERSION = YES;
				GCC_WARN_ABOUT_RETURN_TYPE = YES_ERROR;
				GCC_WARN_UNDECLARED_SELECTOR = YES;
				GCC_WARN_UNINITIALIZED_AUTOS = YES_AGGRESSIVE;
				GCC_WARN_UNUSED_FUNCTION = YES;
				GCC_WARN_UNUSED_VARIABLE = YES;
				IPHONEOS_DEPLOYMENT_TARGET = 16.1;
				MTL_ENABLE_DEBUG_INFO = NO;
				MTL_FAST_MATH = YES;
				SDKROOT = iphoneos;
				SWIFT_COMPILATION_MODE = wholemodule;
				SWIFT_OPTIMIZATION_LEVEL = "-O";
				VALIDATE_PRODUCT = YES;
			};
			name = Release;
		};
		476F261E2A465661000B8E19 /* Debug */ = {
			isa = XCBuildConfiguration;
			buildSettings = {
				ASSETCATALOG_COMPILER_APPICON_NAME = AppIcon;
				ASSETCATALOG_COMPILER_GLOBAL_ACCENT_COLOR_NAME = AccentColor;
				CODE_SIGN_STYLE = Automatic;
				CURRENT_PROJECT_VERSION = 1;
				DEVELOPMENT_ASSET_PATHS = "\"study_cube_v2/Preview Content\"";
				DEVELOPMENT_TEAM = 4WD4K8VDX5;
				ENABLE_PREVIEWS = YES;
				GENERATE_INFOPLIST_FILE = YES;
				INFOPLIST_KEY_UIApplicationSceneManifest_Generation = YES;
				INFOPLIST_KEY_UIApplicationSupportsIndirectInputEvents = YES;
				INFOPLIST_KEY_UILaunchScreen_Generation = YES;
				INFOPLIST_KEY_UISupportedInterfaceOrientations_iPad = "UIInterfaceOrientationPortrait UIInterfaceOrientationPortraitUpsideDown UIInterfaceOrientationLandscapeLeft UIInterfaceOrientationLandscapeRight";
				INFOPLIST_KEY_UISupportedInterfaceOrientations_iPhone = "UIInterfaceOrientationPortrait UIInterfaceOrientationLandscapeLeft UIInterfaceOrientationLandscapeRight";
				LD_RUNPATH_SEARCH_PATHS = (
					"$(inherited)",
					"@executable_path/Frameworks",
				);
				MARKETING_VERSION = 1.0;
				PRODUCT_BUNDLE_IDENTIFIER = "com.divyaprasad.study-cube-v2";
				PRODUCT_NAME = "$(TARGET_NAME)";
				SWIFT_EMIT_LOC_STRINGS = YES;
				SWIFT_VERSION = 5.0;
				TARGETED_DEVICE_FAMILY = "1,2";
			};
			name = Debug;
		};
		476F261F2A465661000B8E19 /* Release */ = {
			isa = XCBuildConfiguration;
			buildSettings = {
				ASSETCATALOG_COMPILER_APPICON_NAME = AppIcon;
				ASSETCATALOG_COMPILER_GLOBAL_ACCENT_COLOR_NAME = AccentColor;
				CODE_SIGN_STYLE = Automatic;
				CURRENT_PROJECT_VERSION = 1;
				DEVELOPMENT_ASSET_PATHS = "\"study_cube_v2/Preview Content\"";
				DEVELOPMENT_TEAM = 4WD4K8VDX5;
				ENABLE_PREVIEWS = YES;
				GENERATE_INFOPLIST_FILE = YES;
				INFOPLIST_KEY_UIApplicationSceneManifest_Generation = YES;
				INFOPLIST_KEY_UIApplicationSupportsIndirectInputEvents = YES;
				INFOPLIST_KEY_UILaunchScreen_Generation = YES;
				INFOPLIST_KEY_UISupportedInterfaceOrientations_iPad = "UIInterfaceOrientationPortrait UIInterfaceOrientationPortraitUpsideDown UIInterfaceOrientationLandscapeLeft UIInterfaceOrientationLandscapeRight";
				INFOPLIST_KEY_UISupportedInterfaceOrientations_iPhone = "UIInterfaceOrientationPortrait UIInterfaceOrientationLandscapeLeft UIInterfaceOrientationLandscapeRight";
				LD_RUNPATH_SEARCH_PATHS = (
					"$(inherited)",
					"@executable_path/Frameworks",
				);
				MARKETING_VERSION = 1.0;
				PRODUCT_BUNDLE_IDENTIFIER = "com.divyaprasad.study-cube-v2";
				PRODUCT_NAME = "$(TARGET_NAME)";
				SWIFT_EMIT_LOC_STRINGS = YES;
				SWIFT_VERSION = 5.0;
				TARGETED_DEVICE_FAMILY = "1,2";
			};
			name = Release;
		};
		476F26212A465661000B8E19 /* Debug */ = {
			isa = XCBuildConfiguration;
			buildSettings = {
				ALWAYS_EMBED_SWIFT_STANDARD_LIBRARIES = YES;
				BUNDLE_LOADER = "$(TEST_HOST)";
				CODE_SIGN_STYLE = Automatic;
				CURRENT_PROJECT_VERSION = 1;
				DEVELOPMENT_TEAM = 4WD4K8VDX5;
				GENERATE_INFOPLIST_FILE = YES;
				IPHONEOS_DEPLOYMENT_TARGET = 16.1;
				MARKETING_VERSION = 1.0;
				PRODUCT_BUNDLE_IDENTIFIER = "com.divyaprasad.study-cube-v2Tests";
				PRODUCT_NAME = "$(TARGET_NAME)";
				SWIFT_EMIT_LOC_STRINGS = NO;
				SWIFT_VERSION = 5.0;
				TARGETED_DEVICE_FAMILY = "1,2";
				TEST_HOST = "$(BUILT_PRODUCTS_DIR)/study_cube_v2.app/$(BUNDLE_EXECUTABLE_FOLDER_PATH)/study_cube_v2";
			};
			name = Debug;
		};
		476F26222A465661000B8E19 /* Release */ = {
			isa = XCBuildConfiguration;
			buildSettings = {
				ALWAYS_EMBED_SWIFT_STANDARD_LIBRARIES = YES;
				BUNDLE_LOADER = "$(TEST_HOST)";
				CODE_SIGN_STYLE = Automatic;
				CURRENT_PROJECT_VERSION = 1;
				DEVELOPMENT_TEAM = 4WD4K8VDX5;
				GENERATE_INFOPLIST_FILE = YES;
				IPHONEOS_DEPLOYMENT_TARGET = 16.1;
				MARKETING_VERSION = 1.0;
				PRODUCT_BUNDLE_IDENTIFIER = "com.divyaprasad.study-cube-v2Tests";
				PRODUCT_NAME = "$(TARGET_NAME)";
				SWIFT_EMIT_LOC_STRINGS = NO;
				SWIFT_VERSION = 5.0;
				TARGETED_DEVICE_FAMILY = "1,2";
				TEST_HOST = "$(BUILT_PRODUCTS_DIR)/study_cube_v2.app/$(BUNDLE_EXECUTABLE_FOLDER_PATH)/study_cube_v2";
			};
			name = Release;
		};
		476F26242A465661000B8E19 /* Debug */ = {
			isa = XCBuildConfiguration;
			buildSettings = {
				ALWAYS_EMBED_SWIFT_STANDARD_LIBRARIES = YES;
				CODE_SIGN_STYLE = Automatic;
				CURRENT_PROJECT_VERSION = 1;
				DEVELOPMENT_TEAM = 4WD4K8VDX5;
				GENERATE_INFOPLIST_FILE = YES;
				MARKETING_VERSION = 1.0;
				PRODUCT_BUNDLE_IDENTIFIER = "com.divyaprasad.study-cube-v2UITests";
				PRODUCT_NAME = "$(TARGET_NAME)";
				SWIFT_EMIT_LOC_STRINGS = NO;
				SWIFT_VERSION = 5.0;
				TARGETED_DEVICE_FAMILY = "1,2";
				TEST_TARGET_NAME = study_cube_v2;
			};
			name = Debug;
		};
		476F26252A465661000B8E19 /* Release */ = {
			isa = XCBuildConfiguration;
			buildSettings = {
				ALWAYS_EMBED_SWIFT_STANDARD_LIBRARIES = YES;
				CODE_SIGN_STYLE = Automatic;
				CURRENT_PROJECT_VERSION = 1;
				DEVELOPMENT_TEAM = 4WD4K8VDX5;
				GENERATE_INFOPLIST_FILE = YES;
				MARKETING_VERSION = 1.0;
				PRODUCT_BUNDLE_IDENTIFIER = "com.divyaprasad.study-cube-v2UITests";
				PRODUCT_NAME = "$(TARGET_NAME)";
				SWIFT_EMIT_LOC_STRINGS = NO;
				SWIFT_VERSION = 5.0;
				TARGETED_DEVICE_FAMILY = "1,2";
				TEST_TARGET_NAME = study_cube_v2;
			};
			name = Release;
		};
/* End XCBuildConfiguration section */

/* Begin XCConfigurationList section */
		476F25F42A46565F000B8E19 /* Build configuration list for PBXProject "study_cube_v2" */ = {
			isa = XCConfigurationList;
			buildConfigurations = (
				476F261B2A465661000B8E19 /* Debug */,
				476F261C2A465661000B8E19 /* Release */,
			);
			defaultConfigurationIsVisible = 0;
			defaultConfigurationName = Release;
		};
		476F261D2A465661000B8E19 /* Build configuration list for PBXNativeTarget "study_cube_v2" */ = {
			isa = XCConfigurationList;
			buildConfigurations = (
				476F261E2A465661000B8E19 /* Debug */,
				476F261F2A465661000B8E19 /* Release */,
			);
			defaultConfigurationIsVisible = 0;
			defaultConfigurationName = Release;
		};
		476F26202A465661000B8E19 /* Build configuration list for PBXNativeTarget "study_cube_v2Tests" */ = {
			isa = XCConfigurationList;
			buildConfigurations = (
				476F26212A465661000B8E19 /* Debug */,
				476F26222A465661000B8E19 /* Release */,
			);
			defaultConfigurationIsVisible = 0;
			defaultConfigurationName = Release;
		};
		476F26232A465661000B8E19 /* Build configuration list for PBXNativeTarget "study_cube_v2UITests" */ = {
			isa = XCConfigurationList;
			buildConfigurations = (
				476F26242A465661000B8E19 /* Debug */,
				476F26252A465661000B8E19 /* Release */,
			);
			defaultConfigurationIsVisible = 0;
			defaultConfigurationName = Release;
		};
/* End XCConfigurationList section */
	};
	rootObject = 476F25F12A46565F000B8E19 /* Project object */;
}
